
Microsoft Visual Studio Solution File, Format Version 12.00
# Visual Studio Version 17
VisualStudioVersion = 17.2.32630.192
MinimumVisualStudioVersion = 10.0.40219.1
Project("{9A19103F-16F7-4668-BE54-9A1E7A4F7556}") = "LearnEnglishNotify", "LearnEnglishApp\LearnEnglishNotify.csproj", "{CE61060E-CE0A-48B3-AF85-41A083985C75}"
EndProject
Global
	GlobalSection(SolutionConfigurationPlatforms) = preSolution
		Debug|Any CPU = Debug|Any CPU
		Release|Any CPU = Release|Any CPU
	EndGlobalSection
	GlobalSection(ProjectConfigurationPlatforms) = postSolution
		{CE61060E-CE0A-48B3-AF85-41A083985C75}.Debug|Any CPU.ActiveCfg = Debug|Any CPU
		{CE61060E-CE0A-48B3-AF85-41A083985C75}.Debug|Any CPU.Build.0 = Debug|Any CPU
		{CE61060E-CE0A-48B3-AF85-41A083985C75}.Release|Any CPU.ActiveCfg = Release|Any CPU
		{CE61060E-CE0A-48B3-AF85-41A083985C75}.Release|Any CPU.Build.0 = Release|Any CPU
	EndGlobalSection
	GlobalSection(SolutionProperties) = preSolution
		HideSolutionNode = FALSE
	EndGlobalSection
	GlobalSection(ExtensibilityGlobals) = postSolution
		SolutionGuid = {E38D9285-052A-4CAC-94D8-C8555C81DF61}
	EndGlobalSection
EndGlobal
